Microsoft Visual Studio Solution File, Format Version 12.00
# Visual Studio Version 17
VisualStudioVersion = 17.5.2.0
MinimumVisualStudioVersion = 10.0.40219.1
Project("{FAE04EC0-301F-11D3-BF4B-00C04F79EFBC}") = "BlockingServer", "BlockingServer\BlockingServer.csproj", "{6B7E5BC5-964F-CB9B-15AB-C4EEBE5547EC}"
EndProject
Project("{FAE04EC0-301F-11D3-BF4B-00C04F79EFBC}") = "ChatServerAsync", "ChatServerAsync\ChatServerAsync.csproj", "{C090FA05-31EC-B4C1-208D-EDA388595169}"
EndProject
Project("{FAE04EC0-301F-11D3-BF4B-00C04F79EFBC}") = "ChatServerClient", "ChatServerClient\ChatServerClient.csproj", "{225A703C-7833-17F9-AB69-490B186A5265}"
EndProject
Project("{FAE04EC0-301F-11D3-BF4B-00C04F79EFBC}") = "EchoClientAsync", "EchoClientAsync\EchoClientAsync.csproj", "{D803077A-9525-2F34-956D-DCB9F9EA4428}"
EndProject
Project("{FAE04EC0-301F-11D3-BF4B-00C04F79EFBC}") = "EchoServerAsync", "EchoServerAsync\EchoServerAsync.csproj", "{054679A3-3BEC-6B6F-CB3E-4CB309190FDD}"
EndProject
Project("{FAE04EC0-301F-11D3-BF4B-00C04F79EFBC}") = "LoadTestClient", "LoadTestClient\LoadTestClient.csproj", "{52B77DB5-6653-7F8B-E13A-E7667CEBCAB5}"
EndProject
Global
	GlobalSection(SolutionConfigurationPlatforms) = preSolution
		Debug|Any CPU = Debug|Any CPU
		Release|Any CPU = Release|Any CPU
	EndGlobalSection
	GlobalSection(ProjectConfigurationPlatforms) = postSolution
		{6B7E5BC5-964F-CB9B-15AB-C4EEBE5547EC}.Debug|Any CPU.ActiveCfg = Debug|Any CPU
		{6B7E5BC5-964F-CB9B-15AB-C4EEBE5547EC}.Debug|Any CPU.Build.0 = Debug|Any CPU
		{6B7E5BC5-964F-CB9B-15AB-C4EEBE5547EC}.Release|Any CPU.ActiveCfg = Release|Any CPU
		{6B7E5BC5-964F-CB9B-15AB-C4EEBE5547EC}.Release|Any CPU.Build.0 = Release|Any CPU
		{C090FA05-31EC-B4C1-208D-EDA388595169}.Debug|Any CPU.ActiveCfg = Debug|Any CPU
		{C090FA05-31EC-B4C1-208D-EDA388595169}.Debug|Any CPU.Build.0 = Debug|Any CPU
		{C090FA05-31EC-B4C1-208D-EDA388595169}.Release|Any CPU.ActiveCfg = Release|Any CPU
		{C090FA05-31EC-B4C1-208D-EDA388595169}.Release|Any CPU.Build.0 = Release|Any CPU
		{225A703C-7833-17F9-AB69-490B186A5265}.Debug|Any CPU.ActiveCfg = Debug|Any CPU
		{225A703C-7833-17F9-AB69-490B186A5265}.Debug|Any CPU.Build.0 = Debug|Any CPU
		{225A703C-7833-17F9-AB69-490B186A5265}.Release|Any CPU.ActiveCfg = Release|Any CPU
		{225A703C-7833-17F9-AB69-490B186A5265}.Release|Any CPU.Build.0 = Release|Any CPU
		{D803077A-9525-2F34-956D-DCB9F9EA4428}.Debug|Any CPU.ActiveCfg = Debug|Any CPU
		{D803077A-9525-2F34-956D-DCB9F9EA4428}.Debug|Any CPU.Build.0 = Debug|Any CPU
		{D803077A-9525-2F34-956D-DCB9F9EA4428}.Release|Any CPU.ActiveCfg = Release|Any CPU
		{D803077A-9525-2F34-956D-DCB9F9EA4428}.Release|Any CPU.Build.0 = Release|Any CPU
		{054679A3-3BEC-6B6F-CB3E-4CB309190FDD}.Debug|Any CPU.ActiveCfg = Debug|Any CPU
		{054679A3-3BEC-6B6F-CB3E-4CB309190FDD}.Debug|Any CPU.Build.0 = Debug|Any CPU
		{054679A3-3BEC-6B6F-CB3E-4CB309190FDD}.Release|Any CPU.ActiveCfg = Release|Any CPU
		{054679A3-3BEC-6B6F-CB3E-4CB309190FDD}.Release|Any CPU.Build.0 = Release|Any CPU
		{52B77DB5-6653-7F8B-E13A-E7667CEBCAB5}.Debug|Any CPU.ActiveCfg = Debug|Any CPU
		{52B77DB5-6653-7F8B-E13A-E7667CEBCAB5}.Debug|Any CPU.Build.0 = Debug|Any CPU
		{52B77DB5-6653-7F8B-E13A-E7667CEBCAB5}.Release|Any CPU.ActiveCfg = Release|Any CPU
		{52B77DB5-6653-7F8B-E13A-E7667CEBCAB5}.Release|Any CPU.Build.0 = Release|Any CPU
	EndGlobalSection
	GlobalSection(SolutionProperties) = preSolution
		HideSolutionNode = FALSE
	EndGlobalSection
	GlobalSection(ExtensibilityGlobals) = postSolution
		SolutionGuid = {F6577A8C-0408-4E08-A99B-9CB1CE28669A}
	EndGlobalSection
EndGlobal
